// !$*UTF8*$!
{
	archiveVersion = 1;
	classes = {
	};
	objectVersion = 56;
	objects = {

/* Begin PBXBuildFile section */
		030AE2A929D42F5100B72DEE /* GPTApp.swift in Sources */ = {isa = PBXBuildFile; fileRef = 030AE2A829D42F5100B72DEE /* GPTApp.swift */; };
		030AE2AD29D42F5200B72DEE /* Assets.xcassets in Resources */ = {isa = PBXBuildFile; fileRef = 030AE2AC29D42F5200B72DEE /* Assets.xcassets */; };
		030AE2B029D42F5200B72DEE /* Preview Assets.xcassets in Resources */ = {isa = PBXBuildFile; fileRef = 030AE2AF29D42F5200B72DEE /* Preview Assets.xcassets */; };
		030AE2BA29D4300700B72DEE /* GPTApp in Frameworks */ = {isa = PBXBuildFile; productRef = 030AE2B929D4300700B72DEE /* GPTApp */; };
/* End PBXBuildFile section */

/* Begin PBXFileReference section */
		030AE2A529D42F5100B72DEE /* GPT.app */ = {isa = PBXFileReference; explicitFileType = wrapper.application; includeInIndex = 0; path = GPT.app; sourceTree = BUILT_PRODUCTS_DIR; };
		030AE2A829D42F5100B72DEE /* GPTApp.swift */ = {isa = PBXFileReference; lastKnownFileType = sourcecode.swift; path = GPTApp.swift; sourceTree = "<group>"; };
		030AE2AC29D42F5200B72DEE /* Assets.xcassets */ = {isa = PBXFileReference; lastKnownFileType = folder.assetcatalog; path = Assets.xcassets; sourceTree = "<group>"; };
		030AE2AF29D42F5200B72DEE /* Preview Assets.xcassets */ = {isa = PBXFileReference; lastKnownFileType = folder.assetcatalog; path = "Preview Assets.xcassets"; sourceTree = "<group>"; };
		030AE2B129D42F5200B72DEE /* GPT.entitlements */ = {isa = PBXFileReference; lastKnownFileType = text.plist.entitlements; path = GPT.entitlements; sourceTree = "<group>"; };
		030AE2B729D42FF100B72DEE /* GPTApp */ = {isa = PBXFileReference; lastKnownFileType = wrapper; path = GPTApp; sourceTree = "<group>"; };
/* End PBXFileReference section */

/* Begin PBXFrameworksBuildPhase section */
		030AE2A229D42F5100B72DEE /* Frameworks */ = {
			isa = PBXFrameworksBuildPhase;
			buildActionMask = 2147483647;
			files = (
				030AE2BA29D4300700B72DEE /* GPTApp in Frameworks */,
			);
			runOnlyForDeploymentPostprocessing = 0;
		};
/* End PBXFrameworksBuildPhase section */

/* Begin PBXGroup section */
		030AE29C29D42F5100B72DEE = {
			isa = PBXGroup;
			children = (
				030AE2B729D42FF100B72DEE /* GPTApp */,
				030AE2A729D42F5100B72DEE /* GPT */,
				030AE2A629D42F5100B72DEE /* Products */,
				030AE2B829D4300700B72DEE /* Frameworks */,
			);
			sourceTree = "<group>";
		};
		030AE2A629D42F5100B72DEE /* Products */ = {
			isa = PBXGroup;
			children = (
				030AE2A529D42F5100B72DEE /* GPT.app */,
			);
			name = Products;
			sourceTree = "<group>";
		};
		030AE2A729D42F5100B72DEE /* GPT */ = {
			isa = PBXGroup;
			children = (
				030AE2A829D42F5100B72DEE /* GPTApp.swift */,
				030AE2AC29D42F5200B72DEE /* Assets.xcassets */,
				030AE2B129D42F5200B72DEE /* GPT.entitlements */,
				030AE2AE29D42F5200B72DEE /* Preview Content */,
			);
			path = GPT;
			sourceTree = "<group>";
		};
		030AE2AE29D42F5200B72DEE /* Preview Content */ = {
			isa = PBXGroup;
			children = (
				030AE2AF29D42F5200B72DEE /* Preview Assets.xcassets */,
			);
			path = "Preview Content";
			sourceTree = "<group>";
		};
		030AE2B829D4300700B72DEE /* Frameworks */ = {
			isa = PBXGroup;
			children = (
			);
			name = Frameworks;
			sourceTree = "<group>";
		};
/* End PBXGroup section */

/* Begin PBXNativeTarget section */
		030AE2A429D42F5100B72DEE /* GPT */ = {
			isa = PBXNativeTarget;
			buildConfigurationList = 030AE2B429D42F5200B72DEE /* Build configuration list for PBXNativeTarget "GPT" */;
			buildPhases = (
				030AE2A129D42F5100B72DEE /* Sources */,
				030AE2A229D42F5100B72DEE /* Frameworks */,
				030AE2A329D42F5100B72DEE /* Resources */,
			);
			buildRules = (
			);
			dependencies = (
			);
			name = GPT;
			packageProductDependencies = (
				030AE2B929D4300700B72DEE /* GPTApp */,
			);
			productName = GPT;
			productReference = 030AE2A529D42F5100B72DEE /* GPT.app */;
			productType = "com.apple.product-type.application";
		};
/* End PBXNativeTarget section */

/* Begin PBXProject section */
		030AE29D29D42F5100B72DEE /* Project object */ = {
			isa = PBXProject;
			attributes = {
				BuildIndependentTargetsInParallel = 1;
				LastSwiftUpdateCheck = 1420;
				LastUpgradeCheck = 1420;
				TargetAttributes = {
					030AE2A429D42F5100B72DEE = {
						CreatedOnToolsVersion = 14.2;
					};
				};
			};
			buildConfigurationList = 030AE2A029D42F5100B72DEE /* Build configuration list for PBXProject "GPT" */;
			compatibilityVersion = "Xcode 14.0";
			developmentRegion = en;
			hasScannedForEncodings = 0;
			knownRegions = (
				en,
				Base,
			);
			mainGroup = 030AE29C29D42F5100B72DEE;
			productRefGroup = 030AE2A629D42F5100B72DEE /* Products */;
			projectDirPath = "";
			projectRoot = "";
			targets = (
				030AE2A429D42F5100B72DEE /* GPT */,
			);
		};
/* End PBXProject section */

/* Begin PBXResourcesBuildPhase section */
		030AE2A329D42F5100B72DEE /* Resources */ = {
			isa = PBXResourcesBuildPhase;
			buildActionMask = 2147483647;
			files = (
				030AE2B029D42F5200B72DEE /* Preview Assets.xcassets in Resources */,
				030AE2AD29D42F5200B72DEE /* Assets.xcassets in Resources */,
			);
			runOnlyForDeploymentPostprocessing = 0;
		};
/* End PBXResourcesBuildPhase section */

/* Begin PBXSourcesBuildPhase section */
		030AE2A129D42F5100B72DEE /* Sources */ = {
			isa = PBXSourcesBuildPhase;
			buildActionMask = 2147483647;
			files = (
				030AE2A929D42F5100B72DEE /* GPTApp.swift in Sources */,
			);
			runOnlyForDeploymentPostprocessing = 0;
		};
/* End PBXSourcesBuildPhase section */

/* Begin XCBuildConfiguration section */
		030AE2B229D42F5200B72DEE /* Debug */ = {
			isa = XCBuildConfiguration;
			buildSettings = {
				ALWAYS_SEARCH_USER_PATHS = NO;
				CLANG_ANALYZER_NONNULL = YES;
				CLANG_ANALYZER_NUMBER_OBJECT_CONVERSION = YES_AGGRESSIVE;
				CLANG_CXX_LANGUAGE_STANDARD = "gnu++20";
				CLANG_ENABLE_MODULES = YES;
				CLANG_ENABLE_OBJC_ARC = YES;
				CLANG_ENABLE_OBJC_WEAK = YES;
				CLANG_WARN_BLOCK_CAPTURE_AUTORELEASING = YES;
				CLANG_WARN_BOOL_CONVERSION = YES;
				CLANG_WARN_COMMA = YES;
				CLANG_WARN_CONSTANT_CONVERSION = YES;
				CLANG_WARN_DEPRECATED_OBJC_IMPLEMENTATIONS = YES;
				CLANG_WARN_DIRECT_OBJC_ISA_USAGE = YES_ERROR;
				CLANG_WARN_DOCUMENTATION_COMMENTS = YES;
				CLANG_WARN_EMPTY_BODY = YES;
				CLANG_WARN_ENUM_CONVERSION = YES;
				CLANG_WARN_INFINITE_RECURSION = YES;
				CLANG_WARN_INT_CONVERSION = YES;
				CLANG_WARN_NON_LITERAL_NULL_CONVERSION = YES;
				CLANG_WARN_OBJC_IMPLICIT_RETAIN_SELF = YES;
				CLANG_WARN_OBJC_LITERAL_CONVERSION = YES;
				CLANG_WARN_OBJC_ROOT_CLASS = YES_ERROR;
				CLANG_WARN_QUOTED_INCLUDE_IN_FRAMEWORK_HEADER = YES;
				CLANG_WARN_RANGE_LOOP_ANALYSIS = YES;
				CLANG_WARN_STRICT_PROTOTYPES = YES;
				CLANG_WARN_SUSPICIOUS_MOVE = YES;
				CLANG_WARN_UNGUARDED_AVAILABILITY = YES_AGGRESSIVE;
				CLANG_WARN_UNREACHABLE_CODE = YES;
				CLANG_WARN__DUPLICATE_METHOD_MATCH = YES;
				COPY_PHASE_STRIP = NO;
				DEBUG_INFORMATION_FORMAT = dwarf;
				ENABLE_STRICT_OBJC_MSGSEND = YES;
				ENABLE_TESTABILITY = YES;
				GCC_C_LANGUAGE_STANDARD = gnu11;
				GCC_DYNAMIC_NO_PIC = NO;
				GCC_NO_COMMON_BLOCKS = YES;
				GCC_OPTIMIZATION_LEVEL = 0;
				GCC_PREPROCESSOR_DEFINITIONS = (
					"DEBUG=1",
					"$(inherited)",
				);
				GCC_WARN_64_TO_32_BIT_CONVERSION = YES;
				GCC_WARN_ABOUT_RETURN_TYPE = YES_ERROR;
				GCC_WARN_UNDECLARED_SELECTOR = YES;
				GCC_WARN_UNINITIALIZED_AUTOS = YES_AGGRESSIVE;
				GCC_WARN_UNUSED_FUNCTION = YES;
				GCC_WARN_UNUSED_VARIABLE = YES;
				MACOSX_DEPLOYMENT_TARGET = 13.1;
				MTL_ENABLE_DEBUG_INFO = INCLUDE_SOURCE;
				MTL_FAST_MATH = YES;
				ONLY_ACTIVE_ARCH = YES;
				SDKROOT = macosx;
				SWIFT_ACTIVE_COMPILATION_CONDITIONS = DEBUG;
				SWIFT_OPTIMIZATION_LEVEL = "-Onone";
			};
			name = Debug;
		};
		030AE2B329D42F5200B72DEE /* Release */ = {
			isa = XCBuildConfiguration;
			buildSettings = {
				ALWAYS_SEARCH_USER_PATHS = NO;
				CLANG_ANALYZER_NONNULL = YES;
				CLANG_ANALYZER_NUMBER_OBJECT_CONVERSION = YES_AGGRESSIVE;
				CLANG_CXX_LANGUAGE_STANDARD = "gnu++20";
				CLANG_ENABLE_MODULES = YES;
				CLANG_ENABLE_OBJC_ARC = YES;
				CLANG_ENABLE_OBJC_WEAK = YES;
				CLANG_WARN_BLOCK_CAPTURE_AUTORELEASING = YES;
				CLANG_WARN_BOOL_CONVERSION = YES;
				CLANG_WARN_COMMA = YES;
				CLANG_WARN_CONSTANT_CONVERSION = YES;
				CLANG_WARN_DEPRECATED_OBJC_IMPLEMENTATIONS = YES;
				CLANG_WARN_DIRECT_OBJC_ISA_USAGE = YES_ERROR;
				CLANG_WARN_DOCUMENTATION_COMMENTS = YES;
				CLANG_WARN_EMPTY_BODY = YES;
				CLANG_WARN_ENUM_CONVERSION = YES;
				CLANG_WARN_INFINITE_RECURSION = YES;
				CLANG_WARN_INT_CONVERSION = YES;
				CLANG_WARN_NON_LITERAL_NULL_CONVERSION = YES;
				CLANG_WARN_OBJC_IMPLICIT_RETAIN_SELF = YES;
				CLANG_WARN_OBJC_LITERAL_CONVERSION = YES;
				CLANG_WARN_OBJC_ROOT_CLASS = YES_ERROR;
				CLANG_WARN_QUOTED_INCLUDE_IN_FRAMEWORK_HEADER = YES;
				CLANG_WARN_RANGE_LOOP_ANALYSIS = YES;
				CLANG_WARN_STRICT_PROTOTYPES = YES;
				CLANG_WARN_SUSPICIOUS_MOVE = YES;
				CLANG_WARN_UNGUARDED_AVAILABILITY = YES_AGGRESSIVE;
				CLANG_WARN_UNREACHABLE_CODE = YES;
				CLANG_WARN__DUPLICATE_METHOD_MATCH = YES;
				COPY_PHASE_STRIP = NO;
				DEBUG_INFORMATION_FORMAT = "dwarf-with-dsym";
				ENABLE_NS_ASSERTIONS = NO;
				ENABLE_STRICT_OBJC_MSGSEND = YES;
				GCC_C_LANGUAGE_STANDARD = gnu11;
				GCC_NO_COMMON_BLOCKS = YES;
				GCC_WARN_64_TO_32_BIT_CONVERSION = YES;
				GCC_WARN_ABOUT_RETURN_TYPE = YES_ERROR;
				GCC_WARN_UNDECLARED_SELECTOR = YES;
				GCC_WARN_UNINITIALIZED_AUTOS = YES_AGGRESSIVE;
				GCC_WARN_UNUSED_FUNCTION = YES;
				GCC_WARN_UNUSED_VARIABLE = YES;
				MACOSX_DEPLOYMENT_TARGET = 13.1;
				MTL_ENABLE_DEBUG_INFO = NO;
				MTL_FAST_MATH = YES;
				SDKROOT = macosx;
				SWIFT_COMPILATION_MODE = wholemodule;
				SWIFT_OPTIMIZATION_LEVEL = "-O";
			};
			name = Release;
		};
		030AE2B529D42F5200B72DEE /* Debug */ = {
			isa = XCBuildConfiguration;
			buildSettings = {
				ASSETCATALOG_COMPILER_APPICON_NAME = AppIcon;
				ASSETCATALOG_COMPILER_GLOBAL_ACCENT_COLOR_NAME = AccentColor;
				CODE_SIGN_ENTITLEMENTS = GPT/GPT.entitlements;
				CODE_SIGN_STYLE = Automatic;
				COMBINE_HIDPI_IMAGES = YES;
				CURRENT_PROJECT_VERSION = 1;
				DEVELOPMENT_ASSET_PATHS = "\"GPT/Preview Content\"";
				DEVELOPMENT_TEAM = ZW2C6ZA5K9;
				ENABLE_HARDENED_RUNTIME = YES;
				ENABLE_PREVIEWS = YES;
				GENERATE_INFOPLIST_FILE = YES;
				INFOPLIST_KEY_NSHumanReadableCopyright = "";
				LD_RUNPATH_SEARCH_PATHS = (
					"$(inherited)",
					"@executable_path/../Frameworks",
				);
				MARKETING_VERSION = 1.0;
				PRODUCT_BUNDLE_IDENTIFIER = se.traduko.GPT;
				PRODUCT_NAME = "$(TARGET_NAME)";
				SWIFT_EMIT_LOC_STRINGS = YES;
				SWIFT_VERSION = 5.0;
			};
			name = Debug;
		};
		030AE2B629D42F5200B72DEE /* Release */ = {
			isa = XCBuildConfiguration;
			buildSettings = {
				ASSETCATALOG_COMPILER_APPICON_NAME = AppIcon;
				ASSETCATALOG_COMPILER_GLOBAL_ACCENT_COLOR_NAME = AccentColor;
				CODE_SIGN_ENTITLEMENTS = GPT/GPT.entitlements;
				CODE_SIGN_STYLE = Automatic;
				COMBINE_HIDPI_IMAGES = YES;
				CURRENT_PROJECT_VERSION = 1;
				DEVELOPMENT_ASSET_PATHS = "\"GPT/Preview Content\"";
				DEVELOPMENT_TEAM = ZW2C6ZA5K9;
				ENABLE_HARDENED_RUNTIME = YES;
				ENABLE_PREVIEWS = YES;
				GENERATE_INFOPLIST_FILE = YES;
				INFOPLIST_KEY_NSHumanReadableCopyright = "";
				LD_RUNPATH_SEARCH_PATHS = (
					"$(inherited)",
					"@executable_path/../Frameworks",
				);
				MARKETING_VERSION = 1.0;
				PRODUCT_BUNDLE_IDENTIFIER = se.traduko.GPT;
				PRODUCT_NAME = "$(TARGET_NAME)";
				SWIFT_EMIT_LOC_STRINGS = YES;
				SWIFT_VERSION = 5.0;
			};
			name = Release;
		};
/* End XCBuildConfiguration section */

/* Begin XCConfigurationList section */
		030AE2A029D42F5100B72DEE /* Build configuration list for PBXProject "GPT" */ = {
			isa = XCConfigurationList;
			buildConfigurations = (
				030AE2B229D42F5200B72DEE /* Debug */,
				030AE2B329D42F5200B72DEE /* Release */,
			);
			defaultConfigurationIsVisible = 0;
			defaultConfigurationName = Release;
		};
		030AE2B429D42F5200B72DEE /* Build configuration list for PBXNativeTarget "GPT" */ = {
			isa = XCConfigurationList;
			buildConfigurations = (
				030AE2B529D42F5200B72DEE /* Debug */,
				030AE2B629D42F5200B72DEE /* Release */,
			);
			defaultConfigurationIsVisible = 0;
			defaultConfigurationName = Release;
		};
/* End XCConfigurationList section */

/* Begin XCSwiftPackageProductDependency section */
		030AE2B929D4300700B72DEE /* GPTApp */ = {
			isa = XCSwiftPackageProductDependency;
			productName = GPTApp;
		};
/* End XCSwiftPackageProductDependency section */
	};
	rootObject = 030AE29D29D42F5100B72DEE /* Project object */;
}
